
Microsoft Visual Studio Solution File, Format Version 12.00
# Visual Studio 2012
Project("{FAE04EC0-301F-11D3-BF4B-00C04F79EFBC}") = "IronPython", "Src\IronPython\IronPython.csproj", "{95289EA9-5778-489D-AB48-F81F2CE2DA32}"
EndProject
Project("{FAE04EC0-301F-11D3-BF4B-00C04F79EFBC}") = "IronPython.Modules", "Src\IronPython.Modules\IronPython.Modules.csproj", "{155CE436-1669-4A48-8095-410F2430237F}"
EndProject
Project("{FAE04EC0-301F-11D3-BF4B-00C04F79EFBC}") = "IronPython.Wpf", "Src\IronPython.Wpf\IronPython.Wpf.csproj", "{65E997B7-E99B-4C83-B29E-9951429BB293}"
EndProject
Project("{FAE04EC0-301F-11D3-BF4B-00C04F79EFBC}") = "IronPythonConsole", "Src\IronPythonConsole\IronPythonConsole.csproj", "{811AC32C-11F3-4ED8-92A7-A7E39C2BB704}"
EndProject
Project("{FAE04EC0-301F-11D3-BF4B-00C04F79EFBC}") = "IronPythonTest", "Src\IronPythonTest\IronPythonTest.csproj", "{B6B42537-07F8-4F6C-A99A-B155CAEB124E}"
EndProject
Project("{FAE04EC0-301F-11D3-BF4B-00C04F79EFBC}") = "IronPythonWindow", "Src\IronPythonWindow\IronPythonWindow.csproj", "{81DA19C7-4FEC-47E7-981B-D9310D549F95}"
EndProject
Project("{FAE04EC0-301F-11D3-BF4B-00C04F79EFBC}") = "IronPythonConsoleAny", "Src\IronPythonConsoleAny\IronPythonConsoleAny.csproj", "{F1D861C5-D9D5-4CDA-968B-8275F5D9F6D2}"
EndProject
Project("{FAE04EC0-301F-11D3-BF4B-00C04F79EFBC}") = "IronPythonWindowAny", "Src\IronPythonWindowAny\IronPythonWindowAny.csproj", "{7F6F9AB3-9943-4316-BD4C-A10F580BC75C}"
EndProject
Project("{2150E333-8FDC-42A3-9474-1A3956D46DE8}") = "Solution Items", "Solution Items", "{3A14D070-628F-44EF-92DD-47C8BE5C33CD}"
	ProjectSection(SolutionItems) = preProject
		Bootstrap.targets = Build\Bootstrap.targets
		Build.IronPython.proj = Build\Build.IronPython.proj
		Build.proj = Build.proj
		Common.proj = Build\Common.proj
		CurrentVersion.props = Build\CurrentVersion.props
		Versioning.targets = Build\Versioning.targets
	EndProjectSection
EndProject
Project("{2150E333-8FDC-42A3-9474-1A3956D46DE8}") = "CustomTasks", "CustomTasks", "{2BA7ADB8-E6B4-4C3E-95A0-A65C98919FE2}"
	ProjectSection(SolutionItems) = preProject
		CustomTasks\CustomTasks.cs = Build\CustomTasks\CustomTasks.cs
	EndProjectSection
EndProject
Project("{2150E333-8FDC-42A3-9474-1A3956D46DE8}") = "Templates", "Templates", "{CE9DF8A7-CEE3-44CB-8C17-E0E3004A8755}"
	ProjectSection(SolutionItems) = preProject
		Templates\BuildInfo.Template.cs = Build\Templates\BuildInfo.Template.cs
		Templates\CurrentVersion.Template.cs = Build\Templates\CurrentVersion.Template.cs
	EndProjectSection
EndProject
Project("{FAE04EC0-301F-11D3-BF4B-00C04F79EFBC}") = "IronPython.SQLite", "Src\IronPython.SQLite\IronPython.SQLite.csproj", "{4A617A40-2BA7-4713-AAFE-F90C4325C581}"
EndProject
Global
	GlobalSection(SolutionConfigurationPlatforms) = preSolution
		AndroidDebug|Any CPU = AndroidDebug|Any CPU
		AndroidRelease|Any CPU = AndroidRelease|Any CPU
		Debug|Any CPU = Debug|Any CPU
		FxCop|Any CPU = FxCop|Any CPU
		Release|Any CPU = Release|Any CPU
		Silverlight5Debug|Any CPU = Silverlight5Debug|Any CPU
		Silverlight5Release|Any CPU = Silverlight5Release|Any CPU
		v2Debug|Any CPU = v2Debug|Any CPU
		v2Release|Any CPU = v2Release|Any CPU
		v45Debug|Any CPU = v45Debug|Any CPU
		v45Release|Any CPU = v45Release|Any CPU
		Win8Debug|Any CPU = Win8Debug|Any CPU
		Win8Release|Any CPU = Win8Release|Any CPU
	EndGlobalSection
	GlobalSection(ProjectConfigurationPlatforms) = postSolution
		{95289EA9-5778-489D-AB48-F81F2CE2DA32}.AndroidDebug|Any CPU.ActiveCfg = AndroidDebug|Any CPU
		{95289EA9-5778-489D-AB48-F81F2CE2DA32}.AndroidDebug|Any CPU.Build.0 = AndroidDebug|Any CPU
		{95289EA9-5778-489D-AB48-F81F2CE2DA32}.AndroidRelease|Any CPU.ActiveCfg = AndroidRelease|Any CPU
		{95289EA9-5778-489D-AB48-F81F2CE2DA32}.AndroidRelease|Any CPU.Build.0 = AndroidRelease|Any CPU
		{95289EA9-5778-489D-AB48-F81F2CE2DA32}.Debug|Any CPU.ActiveCfg = Debug|Any CPU
		{95289EA9-5778-489D-AB48-F81F2CE2DA32}.Debug|Any CPU.Build.0 = Debug|Any CPU
		{95289EA9-5778-489D-AB48-F81F2CE2DA32}.FxCop|Any CPU.ActiveCfg = FxCop|Any CPU
		{95289EA9-5778-489D-AB48-F81F2CE2DA32}.FxCop|Any CPU.Build.0 = FxCop|Any CPU
		{95289EA9-5778-489D-AB48-F81F2CE2DA32}.Release|Any CPU.ActiveCfg = Release|Any CPU
		{95289EA9-5778-489D-AB48-F81F2CE2DA32}.Release|Any CPU.Build.0 = Release|Any CPU
		{95289EA9-5778-489D-AB48-F81F2CE2DA32}.Silverlight5Debug|Any CPU.ActiveCfg = Silverlight5Debug|Any CPU
		{95289EA9-5778-489D-AB48-F81F2CE2DA32}.Silverlight5Debug|Any CPU.Build.0 = Silverlight5Debug|Any CPU
		{95289EA9-5778-489D-AB48-F81F2CE2DA32}.Silverlight5Release|Any CPU.ActiveCfg = Silverlight5Release|Any CPU
		{95289EA9-5778-489D-AB48-F81F2CE2DA32}.Silverlight5Release|Any CPU.Build.0 = Silverlight5Release|Any CPU
		{95289EA9-5778-489D-AB48-F81F2CE2DA32}.v2Debug|Any CPU.ActiveCfg = v2Debug|Any CPU
		{95289EA9-5778-489D-AB48-F81F2CE2DA32}.v2Debug|Any CPU.Build.0 = v2Debug|Any CPU
		{95289EA9-5778-489D-AB48-F81F2CE2DA32}.v2Release|Any CPU.ActiveCfg = v2Release|Any CPU
		{95289EA9-5778-489D-AB48-F81F2CE2DA32}.v2Release|Any CPU.Build.0 = v2Release|Any CPU
		{95289EA9-5778-489D-AB48-F81F2CE2DA32}.v45Debug|Any CPU.ActiveCfg = v45Debug|Any CPU
		{95289EA9-5778-489D-AB48-F81F2CE2DA32}.v45Debug|Any CPU.Build.0 = v45Debug|Any CPU
		{95289EA9-5778-489D-AB48-F81F2CE2DA32}.v45Release|Any CPU.ActiveCfg = v45Release|Any CPU
		{95289EA9-5778-489D-AB48-F81F2CE2DA32}.v45Release|Any CPU.Build.0 = v45Release|Any CPU
		{95289EA9-5778-489D-AB48-F81F2CE2DA32}.Win8Debug|Any CPU.ActiveCfg = Win8Debug|Any CPU
		{95289EA9-5778-489D-AB48-F81F2CE2DA32}.Win8Debug|Any CPU.Build.0 = Win8Debug|Any CPU
		{95289EA9-5778-489D-AB48-F81F2CE2DA32}.Win8Release|Any CPU.ActiveCfg = Win8Release|Any CPU
		{95289EA9-5778-489D-AB48-F81F2CE2DA32}.Win8Release|Any CPU.Build.0 = Win8Release|Any CPU
		{155CE436-1669-4A48-8095-410F2430237F}.AndroidDebug|Any CPU.ActiveCfg = AndroidDebug|Any CPU
		{155CE436-1669-4A48-8095-410F2430237F}.AndroidDebug|Any CPU.Build.0 = AndroidDebug|Any CPU
		{155CE436-1669-4A48-8095-410F2430237F}.AndroidRelease|Any CPU.ActiveCfg = AndroidRelease|Any CPU
		{155CE436-1669-4A48-8095-410F2430237F}.AndroidRelease|Any CPU.Build.0 = AndroidRelease|Any CPU
		{155CE436-1669-4A48-8095-410F2430237F}.Debug|Any CPU.ActiveCfg = Debug|Any CPU
		{155CE436-1669-4A48-8095-410F2430237F}.Debug|Any CPU.Build.0 = Debug|Any CPU
		{155CE436-1669-4A48-8095-410F2430237F}.FxCop|Any CPU.ActiveCfg = FxCop|Any CPU
		{155CE436-1669-4A48-8095-410F2430237F}.FxCop|Any CPU.Build.0 = FxCop|Any CPU
		{155CE436-1669-4A48-8095-410F2430237F}.Release|Any CPU.ActiveCfg = Release|Any CPU
		{155CE436-1669-4A48-8095-410F2430237F}.Release|Any CPU.Build.0 = Release|Any CPU
		{155CE436-1669-4A48-8095-410F2430237F}.Silverlight5Debug|Any CPU.ActiveCfg = Silverlight5Debug|Any CPU
		{155CE436-1669-4A48-8095-410F2430237F}.Silverlight5Debug|Any CPU.Build.0 = Silverlight5Debug|Any CPU
		{155CE436-1669-4A48-8095-410F2430237F}.Silverlight5Release|Any CPU.ActiveCfg = Silverlight5Release|Any CPU
		{155CE436-1669-4A48-8095-410F2430237F}.Silverlight5Release|Any CPU.Build.0 = Silverlight5Release|Any CPU
		{155CE436-1669-4A48-8095-410F2430237F}.v2Debug|Any CPU.ActiveCfg = v2Debug|Any CPU
		{155CE436-1669-4A48-8095-410F2430237F}.v2Debug|Any CPU.Build.0 = v2Debug|Any CPU
		{155CE436-1669-4A48-8095-410F2430237F}.v2Release|Any CPU.ActiveCfg = v2Release|Any CPU
		{155CE436-1669-4A48-8095-410F2430237F}.v2Release|Any CPU.Build.0 = v2Release|Any CPU
		{155CE436-1669-4A48-8095-410F2430237F}.v45Debug|Any CPU.ActiveCfg = v45Debug|Any CPU
		{155CE436-1669-4A48-8095-410F2430237F}.v45Debug|Any CPU.Build.0 = v45Debug|Any CPU
		{155CE436-1669-4A48-8095-410F2430237F}.v45Release|Any CPU.ActiveCfg = v45Release|Any CPU
		{155CE436-1669-4A48-8095-410F2430237F}.v45Release|Any CPU.Build.0 = v45Release|Any CPU
		{155CE436-1669-4A48-8095-410F2430237F}.Win8Debug|Any CPU.ActiveCfg = Win8Debug|Any CPU
		{155CE436-1669-4A48-8095-410F2430237F}.Win8Debug|Any CPU.Build.0 = Win8Debug|Any CPU
		{155CE436-1669-4A48-8095-410F2430237F}.Win8Release|Any CPU.ActiveCfg = Win8Release|Any CPU
		{155CE436-1669-4A48-8095-410F2430237F}.Win8Release|Any CPU.Build.0 = Win8Release|Any CPU
		{65E997B7-E99B-4C83-B29E-9951429BB293}.AndroidDebug|Any CPU.ActiveCfg = AndroidDebug|Any CPU
		{65E997B7-E99B-4C83-B29E-9951429BB293}.AndroidRelease|Any CPU.ActiveCfg = AndroidRelease|Any CPU
		{65E997B7-E99B-4C83-B29E-9951429BB293}.Debug|Any CPU.ActiveCfg = Debug|Any CPU
		{65E997B7-E99B-4C83-B29E-9951429BB293}.Debug|Any CPU.Build.0 = Debug|Any CPU
		{65E997B7-E99B-4C83-B29E-9951429BB293}.FxCop|Any CPU.ActiveCfg = FxCop|Any CPU
		{65E997B7-E99B-4C83-B29E-9951429BB293}.FxCop|Any CPU.Build.0 = FxCop|Any CPU
		{65E997B7-E99B-4C83-B29E-9951429BB293}.Release|Any CPU.ActiveCfg = Release|Any CPU
		{65E997B7-E99B-4C83-B29E-9951429BB293}.Release|Any CPU.Build.0 = Release|Any CPU
		{65E997B7-E99B-4C83-B29E-9951429BB293}.Silverlight5Debug|Any CPU.ActiveCfg = Silverlight5Debug|Any CPU
		{65E997B7-E99B-4C83-B29E-9951429BB293}.Silverlight5Release|Any CPU.ActiveCfg = Silverlight5Release|Any CPU
		{65E997B7-E99B-4C83-B29E-9951429BB293}.v2Debug|Any CPU.ActiveCfg = v2Debug|Any CPU
		{65E997B7-E99B-4C83-B29E-9951429BB293}.v2Release|Any CPU.ActiveCfg = v2Release|Any CPU
		{65E997B7-E99B-4C83-B29E-9951429BB293}.v45Debug|Any CPU.ActiveCfg = v45Debug|Any CPU
		{65E997B7-E99B-4C83-B29E-9951429BB293}.v45Debug|Any CPU.Build.0 = v45Debug|Any CPU
		{65E997B7-E99B-4C83-B29E-9951429BB293}.v45Release|Any CPU.ActiveCfg = v45Release|Any CPU
		{65E997B7-E99B-4C83-B29E-9951429BB293}.v45Release|Any CPU.Build.0 = v45Release|Any CPU
		{65E997B7-E99B-4C83-B29E-9951429BB293}.Win8Debug|Any CPU.ActiveCfg = Win8Debug|Any CPU
		{65E997B7-E99B-4C83-B29E-9951429BB293}.Win8Release|Any CPU.ActiveCfg = Win8Release|Any CPU
		{811AC32C-11F3-4ED8-92A7-A7E39C2BB704}.AndroidDebug|Any CPU.ActiveCfg = AndroidDebug|Any CPU
		{811AC32C-11F3-4ED8-92A7-A7E39C2BB704}.AndroidRelease|Any CPU.ActiveCfg = AndroidRelease|Any CPU
		{811AC32C-11F3-4ED8-92A7-A7E39C2BB704}.Debug|Any CPU.ActiveCfg = Debug|Any CPU
		{811AC32C-11F3-4ED8-92A7-A7E39C2BB704}.Debug|Any CPU.Build.0 = Debug|Any CPU
		{811AC32C-11F3-4ED8-92A7-A7E39C2BB704}.FxCop|Any CPU.ActiveCfg = FxCop|Any CPU
		{811AC32C-11F3-4ED8-92A7-A7E39C2BB704}.FxCop|Any CPU.Build.0 = FxCop|Any CPU
		{811AC32C-11F3-4ED8-92A7-A7E39C2BB704}.Release|Any CPU.ActiveCfg = Release|Any CPU
		{811AC32C-11F3-4ED8-92A7-A7E39C2BB704}.Release|Any CPU.Build.0 = Release|Any CPU
		{811AC32C-11F3-4ED8-92A7-A7E39C2BB704}.Silverlight5Debug|Any CPU.ActiveCfg = Silverlight5Debug|Any CPU
		{811AC32C-11F3-4ED8-92A7-A7E39C2BB704}.Silverlight5Release|Any CPU.ActiveCfg = Silverlight5Release|Any CPU
		{811AC32C-11F3-4ED8-92A7-A7E39C2BB704}.v2Debug|Any CPU.ActiveCfg = v2Debug|Any CPU
		{811AC32C-11F3-4ED8-92A7-A7E39C2BB704}.v2Debug|Any CPU.Build.0 = v2Debug|Any CPU
		{811AC32C-11F3-4ED8-92A7-A7E39C2BB704}.v2Release|Any CPU.ActiveCfg = v2Release|Any CPU
		{811AC32C-11F3-4ED8-92A7-A7E39C2BB704}.v2Release|Any CPU.Build.0 = v2Release|Any CPU
		{811AC32C-11F3-4ED8-92A7-A7E39C2BB704}.v45Debug|Any CPU.ActiveCfg = v45Debug|Any CPU
		{811AC32C-11F3-4ED8-92A7-A7E39C2BB704}.v45Debug|Any CPU.Build.0 = v45Debug|Any CPU
		{811AC32C-11F3-4ED8-92A7-A7E39C2BB704}.v45Release|Any CPU.ActiveCfg = v45Release|Any CPU
		{811AC32C-11F3-4ED8-92A7-A7E39C2BB704}.v45Release|Any CPU.Build.0 = v45Release|Any CPU
		{811AC32C-11F3-4ED8-92A7-A7E39C2BB704}.Win8Debug|Any CPU.ActiveCfg = Win8Debug|Any CPU
		{811AC32C-11F3-4ED8-92A7-A7E39C2BB704}.Win8Release|Any CPU.ActiveCfg = Win8Release|Any CPU
		{B6B42537-07F8-4F6C-A99A-B155CAEB124E}.AndroidDebug|Any CPU.ActiveCfg = AndroidDebug|Any CPU
		{B6B42537-07F8-4F6C-A99A-B155CAEB124E}.AndroidRelease|Any CPU.ActiveCfg = AndroidRelease|Any CPU
		{B6B42537-07F8-4F6C-A99A-B155CAEB124E}.Debug|Any CPU.ActiveCfg = Debug|Any CPU
		{B6B42537-07F8-4F6C-A99A-B155CAEB124E}.Debug|Any CPU.Build.0 = Debug|Any CPU
		{B6B42537-07F8-4F6C-A99A-B155CAEB124E}.FxCop|Any CPU.ActiveCfg = FxCop|Any CPU
		{B6B42537-07F8-4F6C-A99A-B155CAEB124E}.FxCop|Any CPU.Build.0 = FxCop|Any CPU
		{B6B42537-07F8-4F6C-A99A-B155CAEB124E}.Release|Any CPU.ActiveCfg = Release|Any CPU
		{B6B42537-07F8-4F6C-A99A-B155CAEB124E}.Release|Any CPU.Build.0 = Release|Any CPU
		{B6B42537-07F8-4F6C-A99A-B155CAEB124E}.Silverlight5Debug|Any CPU.ActiveCfg = Silverlight5Debug|Any CPU
		{B6B42537-07F8-4F6C-A99A-B155CAEB124E}.Silverlight5Release|Any CPU.ActiveCfg = Silverlight5Release|Any CPU
		{B6B42537-07F8-4F6C-A99A-B155CAEB124E}.v2Debug|Any CPU.ActiveCfg = v2Debug|Any CPU
		{B6B42537-07F8-4F6C-A99A-B155CAEB124E}.v2Debug|Any CPU.Build.0 = v2Debug|Any CPU
		{B6B42537-07F8-4F6C-A99A-B155CAEB124E}.v2Release|Any CPU.ActiveCfg = v2Release|Any CPU
		{B6B42537-07F8-4F6C-A99A-B155CAEB124E}.v2Release|Any CPU.Build.0 = v2Release|Any CPU
		{B6B42537-07F8-4F6C-A99A-B155CAEB124E}.v45Debug|Any CPU.ActiveCfg = v45Debug|Any CPU
		{B6B42537-07F8-4F6C-A99A-B155CAEB124E}.v45Debug|Any CPU.Build.0 = v45Debug|Any CPU
		{B6B42537-07F8-4F6C-A99A-B155CAEB124E}.v45Release|Any CPU.ActiveCfg = v45Release|Any CPU
		{B6B42537-07F8-4F6C-A99A-B155CAEB124E}.v45Release|Any CPU.Build.0 = v45Release|Any CPU
		{B6B42537-07F8-4F6C-A99A-B155CAEB124E}.Win8Debug|Any CPU.ActiveCfg = Win8Debug|Any CPU
		{B6B42537-07F8-4F6C-A99A-B155CAEB124E}.Win8Release|Any CPU.ActiveCfg = Win8Release|Any CPU
		{81DA19C7-4FEC-47E7-981B-D9310D549F95}.AndroidDebug|Any CPU.ActiveCfg = AndroidDebug|Any CPU
		{81DA19C7-4FEC-47E7-981B-D9310D549F95}.AndroidRelease|Any CPU.ActiveCfg = AndroidRelease|Any CPU
		{81DA19C7-4FEC-47E7-981B-D9310D549F95}.Debug|Any CPU.ActiveCfg = Debug|Any CPU
		{81DA19C7-4FEC-47E7-981B-D9310D549F95}.Debug|Any CPU.Build.0 = Debug|Any CPU
		{81DA19C7-4FEC-47E7-981B-D9310D549F95}.FxCop|Any CPU.ActiveCfg = FxCop|Any CPU
		{81DA19C7-4FEC-47E7-981B-D9310D549F95}.FxCop|Any CPU.Build.0 = FxCop|Any CPU
		{81DA19C7-4FEC-47E7-981B-D9310D549F95}.Release|Any CPU.ActiveCfg = Release|Any CPU
		{81DA19C7-4FEC-47E7-981B-D9310D549F95}.Release|Any CPU.Build.0 = Release|Any CPU
		{81DA19C7-4FEC-47E7-981B-D9310D549F95}.Silverlight5Debug|Any CPU.ActiveCfg = Silverlight5Debug|Any CPU
		{81DA19C7-4FEC-47E7-981B-D9310D549F95}.Silverlight5Release|Any CPU.ActiveCfg = Silverlight5Release|Any CPU
		{81DA19C7-4FEC-47E7-981B-D9310D549F95}.v2Debug|Any CPU.ActiveCfg = v2Debug|Any CPU
		{81DA19C7-4FEC-47E7-981B-D9310D549F95}.v2Debug|Any CPU.Build.0 = v2Debug|Any CPU
		{81DA19C7-4FEC-47E7-981B-D9310D549F95}.v2Release|Any CPU.ActiveCfg = v2Release|Any CPU
		{81DA19C7-4FEC-47E7-981B-D9310D549F95}.v2Release|Any CPU.Build.0 = v2Release|Any CPU
		{81DA19C7-4FEC-47E7-981B-D9310D549F95}.v45Debug|Any CPU.ActiveCfg = v45Debug|Any CPU
		{81DA19C7-4FEC-47E7-981B-D9310D549F95}.v45Debug|Any CPU.Build.0 = v45Debug|Any CPU
		{81DA19C7-4FEC-47E7-981B-D9310D549F95}.v45Release|Any CPU.ActiveCfg = v45Release|Any CPU
		{81DA19C7-4FEC-47E7-981B-D9310D549F95}.v45Release|Any CPU.Build.0 = v45Release|Any CPU
		{81DA19C7-4FEC-47E7-981B-D9310D549F95}.Win8Debug|Any CPU.ActiveCfg = Win8Debug|Any CPU
		{81DA19C7-4FEC-47E7-981B-D9310D549F95}.Win8Release|Any CPU.ActiveCfg = Win8Release|Any CPU
		{F1D861C5-D9D5-4CDA-968B-8275F5D9F6D2}.AndroidDebug|Any CPU.ActiveCfg = AndroidDebug|Any CPU
		{F1D861C5-D9D5-4CDA-968B-8275F5D9F6D2}.AndroidRelease|Any CPU.ActiveCfg = AndroidRelease|Any CPU
		{F1D861C5-D9D5-4CDA-968B-8275F5D9F6D2}.Debug|Any CPU.ActiveCfg = Debug|Any CPU
		{F1D861C5-D9D5-4CDA-968B-8275F5D9F6D2}.Debug|Any CPU.Build.0 = Debug|Any CPU
		{F1D861C5-D9D5-4CDA-968B-8275F5D9F6D2}.FxCop|Any CPU.ActiveCfg = FxCop|Any CPU
		{F1D861C5-D9D5-4CDA-968B-8275F5D9F6D2}.FxCop|Any CPU.Build.0 = FxCop|Any CPU
		{F1D861C5-D9D5-4CDA-968B-8275F5D9F6D2}.Release|Any CPU.ActiveCfg = Release|Any CPU
		{F1D861C5-D9D5-4CDA-968B-8275F5D9F6D2}.Release|Any CPU.Build.0 = Release|Any CPU
		{F1D861C5-D9D5-4CDA-968B-8275F5D9F6D2}.Silverlight5Debug|Any CPU.ActiveCfg = Silverlight5Debug|Any CPU
		{F1D861C5-D9D5-4CDA-968B-8275F5D9F6D2}.Silverlight5Release|Any CPU.ActiveCfg = Silverlight5Release|Any CPU
		{F1D861C5-D9D5-4CDA-968B-8275F5D9F6D2}.v2Debug|Any CPU.ActiveCfg = v2Debug|Any CPU
		{F1D861C5-D9D5-4CDA-968B-8275F5D9F6D2}.v2Debug|Any CPU.Build.0 = v2Debug|Any CPU
		{F1D861C5-D9D5-4CDA-968B-8275F5D9F6D2}.v2Release|Any CPU.ActiveCfg = v2Release|Any CPU
		{F1D861C5-D9D5-4CDA-968B-8275F5D9F6D2}.v2Release|Any CPU.Build.0 = v2Release|Any CPU
		{F1D861C5-D9D5-4CDA-968B-8275F5D9F6D2}.v45Debug|Any CPU.ActiveCfg = v45Debug|Any CPU
		{F1D861C5-D9D5-4CDA-968B-8275F5D9F6D2}.v45Debug|Any CPU.Build.0 = v45Debug|Any CPU
		{F1D861C5-D9D5-4CDA-968B-8275F5D9F6D2}.v45Release|Any CPU.ActiveCfg = v45Release|Any CPU
		{F1D861C5-D9D5-4CDA-968B-8275F5D9F6D2}.v45Release|Any CPU.Build.0 = v45Release|Any CPU
		{F1D861C5-D9D5-4CDA-968B-8275F5D9F6D2}.Win8Debug|Any CPU.ActiveCfg = Win8Debug|Any CPU
		{F1D861C5-D9D5-4CDA-968B-8275F5D9F6D2}.Win8Release|Any CPU.ActiveCfg = Win8Release|Any CPU
		{7F6F9AB3-9943-4316-BD4C-A10F580BC75C}.AndroidDebug|Any CPU.ActiveCfg = AndroidDebug|Any CPU
		{7F6F9AB3-9943-4316-BD4C-A10F580BC75C}.AndroidRelease|Any CPU.ActiveCfg = AndroidRelease|Any CPU
		{7F6F9AB3-9943-4316-BD4C-A10F580BC75C}.Debug|Any CPU.ActiveCfg = Debug|Any CPU
		{7F6F9AB3-9943-4316-BD4C-A10F580BC75C}.Debug|Any CPU.Build.0 = Debug|Any CPU
		{7F6F9AB3-9943-4316-BD4C-A10F580BC75C}.FxCop|Any CPU.ActiveCfg = FxCop|Any CPU
		{7F6F9AB3-9943-4316-BD4C-A10F580BC75C}.FxCop|Any CPU.Build.0 = FxCop|Any CPU
		{7F6F9AB3-9943-4316-BD4C-A10F580BC75C}.Release|Any CPU.ActiveCfg = Release|Any CPU
		{7F6F9AB3-9943-4316-BD4C-A10F580BC75C}.Release|Any CPU.Build.0 = Release|Any CPU
		{7F6F9AB3-9943-4316-BD4C-A10F580BC75C}.Silverlight5Debug|Any CPU.ActiveCfg = Silverlight5Debug|Any CPU
		{7F6F9AB3-9943-4316-BD4C-A10F580BC75C}.Silverlight5Release|Any CPU.ActiveCfg = Silverlight5Release|Any CPU
		{7F6F9AB3-9943-4316-BD4C-A10F580BC75C}.v2Debug|Any CPU.ActiveCfg = v2Debug|Any CPU
		{7F6F9AB3-9943-4316-BD4C-A10F580BC75C}.v2Debug|Any CPU.Build.0 = v2Debug|Any CPU
		{7F6F9AB3-9943-4316-BD4C-A10F580BC75C}.v2Release|Any CPU.ActiveCfg = v2Release|Any CPU
		{7F6F9AB3-9943-4316-BD4C-A10F580BC75C}.v2Release|Any CPU.Build.0 = v2Release|Any CPU
		{7F6F9AB3-9943-4316-BD4C-A10F580BC75C}.v45Debug|Any CPU.ActiveCfg = v45Debug|Any CPU
		{7F6F9AB3-9943-4316-BD4C-A10F580BC75C}.v45Debug|Any CPU.Build.0 = v45Debug|Any CPU
		{7F6F9AB3-9943-4316-BD4C-A10F580BC75C}.v45Release|Any CPU.ActiveCfg = v45Release|Any CPU
		{7F6F9AB3-9943-4316-BD4C-A10F580BC75C}.v45Release|Any CPU.Build.0 = v45Release|Any CPU
		{7F6F9AB3-9943-4316-BD4C-A10F580BC75C}.Win8Debug|Any CPU.ActiveCfg = Win8Debug|Any CPU
		{7F6F9AB3-9943-4316-BD4C-A10F580BC75C}.Win8Release|Any CPU.ActiveCfg = Win8Release|Any CPU
		{4A617A40-2BA7-4713-AAFE-F90C4325C581}.AndroidDebug|Any CPU.ActiveCfg = AndroidDebug|Any CPU
		{4A617A40-2BA7-4713-AAFE-F90C4325C581}.AndroidDebug|Any CPU.Build.0 = AndroidDebug|Any CPU
		{4A617A40-2BA7-4713-AAFE-F90C4325C581}.AndroidRelease|Any CPU.ActiveCfg = AndroidRelease|Any CPU
		{4A617A40-2BA7-4713-AAFE-F90C4325C581}.AndroidRelease|Any CPU.Build.0 = AndroidRelease|Any CPU
		{4A617A40-2BA7-4713-AAFE-F90C4325C581}.Debug|Any CPU.ActiveCfg = Debug|Any CPU
		{4A617A40-2BA7-4713-AAFE-F90C4325C581}.Debug|Any CPU.Build.0 = Debug|Any CPU
		{4A617A40-2BA7-4713-AAFE-F90C4325C581}.FxCop|Any CPU.ActiveCfg = FxCop|Any CPU
		{4A617A40-2BA7-4713-AAFE-F90C4325C581}.FxCop|Any CPU.Build.0 = FxCop|Any CPU
		{4A617A40-2BA7-4713-AAFE-F90C4325C581}.Release|Any CPU.ActiveCfg = Release|Any CPU
		{4A617A40-2BA7-4713-AAFE-F90C4325C581}.Release|Any CPU.Build.0 = Release|Any CPU
		{4A617A40-2BA7-4713-AAFE-F90C4325C581}.Silverlight5Debug|Any CPU.ActiveCfg = Silverlight5Debug|Any CPU
		{4A617A40-2BA7-4713-AAFE-F90C4325C581}.Silverlight5Debug|Any CPU.Build.0 = Silverlight5Debug|Any CPU
		{4A617A40-2BA7-4713-AAFE-F90C4325C581}.Silverlight5Release|Any CPU.ActiveCfg = Silverlight5Release|Any CPU
		{4A617A40-2BA7-4713-AAFE-F90C4325C581}.Silverlight5Release|Any CPU.Build.0 = Silverlight5Release|Any CPU
		{4A617A40-2BA7-4713-AAFE-F90C4325C581}.v2Debug|Any CPU.ActiveCfg = v2Debug|Any CPU
		{4A617A40-2BA7-4713-AAFE-F90C4325C581}.v2Debug|Any CPU.Build.0 = v2Debug|Any CPU
		{4A617A40-2BA7-4713-AAFE-F90C4325C581}.v2Release|Any CPU.ActiveCfg = v2Release|Any CPU
		{4A617A40-2BA7-4713-AAFE-F90C4325C581}.v2Release|Any CPU.Build.0 = v2Release|Any CPU
		{4A617A40-2BA7-4713-AAFE-F90C4325C581}.v45Debug|Any CPU.ActiveCfg = v45Debug|Any CPU
		{4A617A40-2BA7-4713-AAFE-F90C4325C581}.v45Debug|Any CPU.Build.0 = v45Debug|Any CPU
		{4A617A40-2BA7-4713-AAFE-F90C4325C581}.v45Release|Any CPU.ActiveCfg = v45Release|Any CPU
		{4A617A40-2BA7-4713-AAFE-F90C4325C581}.v45Release|Any CPU.Build.0 = v45Release|Any CPU
		{4A617A40-2BA7-4713-AAFE-F90C4325C581}.Win8Debug|Any CPU.ActiveCfg = Win8Debug|Any CPU
		{4A617A40-2BA7-4713-AAFE-F90C4325C581}.Win8Release|Any CPU.ActiveCfg = Win8Release|Any CPU
	EndGlobalSection
	GlobalSection(SolutionProperties) = preSolution
		HideSolutionNode = FALSE
	EndGlobalSection
	GlobalSection(NestedProjects) = preSolution
		{2BA7ADB8-E6B4-4C3E-95A0-A65C98919FE2} = {3A14D070-628F-44EF-92DD-47C8BE5C33CD}
		{CE9DF8A7-CEE3-44CB-8C17-E0E3004A8755} = {3A14D070-628F-44EF-92DD-47C8BE5C33CD}
	EndGlobalSection
EndGlobal
