
Microsoft Visual Studio Solution File, Format Version 12.00
# Visual Studio Version 16
VisualStudioVersion = 16.0.28917.181
MinimumVisualStudioVersion = 10.0.40219.1
Project("{9A19103F-16F7-4668-BE54-9A1E7A4F7556}") = "IronPython", "Src\IronPython\IronPython.csproj", "{95289EA9-5778-489D-AB48-F81F2CE2DA32}"
EndProject
Project("{9A19103F-16F7-4668-BE54-9A1E7A4F7556}") = "IronPython.Modules", "Src\IronPython.Modules\IronPython.Modules.csproj", "{155CE436-1669-4A48-8095-410F2430237F}"
EndProject
Project("{9A19103F-16F7-4668-BE54-9A1E7A4F7556}") = "IronPython.Wpf", "Src\IronPython.Wpf\IronPython.Wpf.csproj", "{65E997B7-E99B-4C83-B29E-9951429BB293}"
EndProject
Project("{9A19103F-16F7-4668-BE54-9A1E7A4F7556}") = "IronPythonConsole", "Src\IronPythonConsole\IronPythonConsole.csproj", "{811AC32C-11F3-4ED8-92A7-A7E39C2BB704}"
EndProject
Project("{9A19103F-16F7-4668-BE54-9A1E7A4F7556}") = "IronPythonTest", "Src\IronPythonTest\IronPythonTest.csproj", "{B6B42537-07F8-4F6C-A99A-B155CAEB124E}"
EndProject
Project("{9A19103F-16F7-4668-BE54-9A1E7A4F7556}") = "IronPythonWindow", "Src\IronPythonWindow\IronPythonWindow.csproj", "{81DA19C7-4FEC-47E7-981B-D9310D549F95}"
EndProject
Project("{2150E333-8FDC-42A3-9474-1A3956D46DE8}") = "Solution Items", "Solution Items", "{3A14D070-628F-44EF-92DD-47C8BE5C33CD}"
	ProjectSection(SolutionItems) = preProject
		.editorconfig = .editorconfig
		.gitignore = .gitignore
		Build.proj = Build.proj
		CurrentVersion.props = CurrentVersion.props
		Directory.Build.props = Directory.Build.props
		IronPython.ruleset = IronPython.ruleset
		LICENSE = LICENSE
		make.ps1 = make.ps1
		NuGet.config = NuGet.config
		README.md = README.md
	EndProjectSection
EndProject
Project("{9A19103F-16F7-4668-BE54-9A1E7A4F7556}") = "IronPython.SQLite", "Src\IronPython.SQLite\IronPython.SQLite.csproj", "{4A617A40-2BA7-4713-AAFE-F90C4325C581}"
EndProject
Project("{2150E333-8FDC-42A3-9474-1A3956D46DE8}") = "Build", "Build", "{17737ACB-40C6-41A6-83DA-3203A4DCEC19}"
	ProjectSection(SolutionItems) = preProject
		Build\After.targets = Build\After.targets
		Build\net46.props = Build\net46.props
		Build\net6.0-windows.props = Build\net6.0-windows.props
		Build\net6.0.props = Build\net6.0.props
		Build\netcoreapp2.1.props = Build\netcoreapp2.1.props
		Build\netcoreapp3.1.props = Build\netcoreapp3.1.props
		Build\netstandard2.0.props = Build\netstandard2.0.props
		Build\steps.yml = Build\steps.yml
		Build\Tasks.Targets = Build\Tasks.Targets
	EndProjectSection
EndProject
Project("{9A19103F-16F7-4668-BE54-9A1E7A4F7556}") = "IronPythonCompiler", "Src\IronPythonCompiler\IronPythonCompiler.csproj", "{3DFB096E-AC09-4E7A-9288-7F7C33C288C7}"
EndProject
Project("{2150E333-8FDC-42A3-9474-1A3956D46DE8}") = "DLR", "DLR", "{AC38EFB1-820D-4E90-BF40-BEF3AC825542}"
EndProject
Project("{9A19103F-16F7-4668-BE54-9A1E7A4F7556}") = "Microsoft.Dynamic", "Src\DLR\Src\Microsoft.Dynamic\Microsoft.Dynamic.csproj", "{EB66B766-6354-4208-A3D4-AACBDCB5C3B3}"
EndProject
Project("{9A19103F-16F7-4668-BE54-9A1E7A4F7556}") = "Microsoft.Scripting", "Src\DLR\Src\Microsoft.Scripting\Microsoft.Scripting.csproj", "{02FF0909-F5AD-48CF-A86A-345E721B7E40}"
EndProject
Project("{9A19103F-16F7-4668-BE54-9A1E7A4F7556}") = "Microsoft.Scripting.Metadata", "Src\DLR\Src\Microsoft.Scripting.Metadata\Microsoft.Scripting.Metadata.csproj", "{ACDD9B9E-8FE6-439C-9521-1CCBA47F6143}"
EndProject
Project("{2150E333-8FDC-42A3-9474-1A3956D46DE8}") = "Tests", "Tests", "{60836ADE-CAB7-4587-B6FB-8C4FEB872752}"
EndProject
Project("{9A19103F-16F7-4668-BE54-9A1E7A4F7556}") = "ClrAssembly", "Src\DLR\Tests\ClrAssembly\ClrAssembly.csproj", "{BEE737B9-18D5-48D9-8672-9A896213C98B}"
EndProject
Project("{2150E333-8FDC-42A3-9474-1A3956D46DE8}") = "Package", "Package", "{CE610DDE-D1DB-44D8-BAE9-BAAB00DA98F0}"
EndProject
Project("{2150E333-8FDC-42A3-9474-1A3956D46DE8}") = "nuget", "nuget", "{EE77D917-27F7-4E54-B72F-C8CEE4AEDCAA}"
	ProjectSection(SolutionItems) = preProject
		Package\nuget\IronPython.nuspec = Package\nuget\IronPython.nuspec
		Package\nuget\IronPython.StdLib.nuspec = Package\nuget\IronPython.StdLib.nuspec
	EndProjectSection
EndProject
Project("{9A19103F-16F7-4668-BE54-9A1E7A4F7556}") = "IronPythonConsole32", "Src\IronPythonConsole32\IronPythonConsole32.csproj", "{AD21022F-E7C1-4B74-97C1-0A0E48EFF992}"
EndProject
Project("{9A19103F-16F7-4668-BE54-9A1E7A4F7556}") = "IronPythonAnalyzer", "IronPythonAnalyzer\IronPythonAnalyzer\IronPythonAnalyzer.csproj", "{DA3415F3-6922-42D0-93D7-BEE2E8603A18}"
EndProject
Project("{2150E333-8FDC-42A3-9474-1A3956D46DE8}") = "choco", "choco", "{EA550FD8-2241-4131-8292-619D009E0199}"
	ProjectSection(SolutionItems) = preProject
		Package\choco\Choco.Packaging.targets = Package\choco\Choco.Packaging.targets
		Package\choco\IronPython.nuspec = Package\choco\IronPython.nuspec
	EndProjectSection
EndProject
Project("{2150E333-8FDC-42A3-9474-1A3956D46DE8}") = "pkg", "pkg", "{01CE1AE6-CD7F-491B-8150-58CD738B20AC}"
	ProjectSection(SolutionItems) = preProject
		Package\pkg\Pkg.Packaging.targets = Package\pkg\Pkg.Packaging.targets
	EndProjectSection
EndProject
Project("{2150E333-8FDC-42A3-9474-1A3956D46DE8}") = "deb", "deb", "{676093FF-CB44-4BD5-B83C-A28FE88D5017}"
	ProjectSection(SolutionItems) = preProject
		Package\deb\Deb.Packaging.targets = Package\deb\Deb.Packaging.targets
	EndProjectSection
EndProject
Project("{2150E333-8FDC-42A3-9474-1A3956D46DE8}") = "zip", "zip", "{8FC07B92-D2AC-4921-9E97-A92A84D2B461}"
	ProjectSection(SolutionItems) = preProject
		Package\zip\Zip.Packaging.targets = Package\zip\Zip.Packaging.targets
	EndProjectSection
EndProject
Project("{2150E333-8FDC-42A3-9474-1A3956D46DE8}") = "msi", "msi", "{450F93D5-DF02-4C04-960B-AE7E454668AA}"
	ProjectSection(SolutionItems) = preProject
		Package\msi\Dlr.wxs = Package\msi\Dlr.wxs
		Package\msi\IronPython.Installer.wixproj = Package\msi\IronPython.Installer.wixproj
		Package\msi\IronPython.wxs = Package\msi\IronPython.wxs
		Package\msi\Msi.Packaging.targets = Package\msi\Msi.Packaging.targets
		Package\msi\Product.wxs = Package\msi\Product.wxs
		Package\msi\Version.wxi = Package\msi\Version.wxi
	EndProjectSection
EndProject
Project("{9A19103F-16F7-4668-BE54-9A1E7A4F7556}") = "IronPythonWindow32", "Src\IronPythonWindow32\IronPythonWindow32.csproj", "{8F177DC2-9822-45BD-AB05-1F40FCA86168}"
EndProject
Global
	GlobalSection(SolutionConfigurationPlatforms) = preSolution
		Debug|Any CPU = Debug|Any CPU
		Release|Any CPU = Release|Any CPU
	EndGlobalSection
	GlobalSection(ProjectConfigurationPlatforms) = postSolution
		{95289EA9-5778-489D-AB48-F81F2CE2DA32}.Debug|Any CPU.ActiveCfg = Debug|Any CPU
		{95289EA9-5778-489D-AB48-F81F2CE2DA32}.Debug|Any CPU.Build.0 = Debug|Any CPU
		{95289EA9-5778-489D-AB48-F81F2CE2DA32}.Release|Any CPU.ActiveCfg = Release|Any CPU
		{95289EA9-5778-489D-AB48-F81F2CE2DA32}.Release|Any CPU.Build.0 = Release|Any CPU
		{155CE436-1669-4A48-8095-410F2430237F}.Debug|Any CPU.ActiveCfg = Debug|Any CPU
		{155CE436-1669-4A48-8095-410F2430237F}.Debug|Any CPU.Build.0 = Debug|Any CPU
		{155CE436-1669-4A48-8095-410F2430237F}.Release|Any CPU.ActiveCfg = Release|Any CPU
		{155CE436-1669-4A48-8095-410F2430237F}.Release|Any CPU.Build.0 = Release|Any CPU
		{65E997B7-E99B-4C83-B29E-9951429BB293}.Debug|Any CPU.ActiveCfg = Debug|Any CPU
		{65E997B7-E99B-4C83-B29E-9951429BB293}.Debug|Any CPU.Build.0 = Debug|Any CPU
		{65E997B7-E99B-4C83-B29E-9951429BB293}.Release|Any CPU.ActiveCfg = Release|Any CPU
		{65E997B7-E99B-4C83-B29E-9951429BB293}.Release|Any CPU.Build.0 = Release|Any CPU
		{811AC32C-11F3-4ED8-92A7-A7E39C2BB704}.Debug|Any CPU.ActiveCfg = Debug|Any CPU
		{811AC32C-11F3-4ED8-92A7-A7E39C2BB704}.Debug|Any CPU.Build.0 = Debug|Any CPU
		{811AC32C-11F3-4ED8-92A7-A7E39C2BB704}.Release|Any CPU.ActiveCfg = Release|Any CPU
		{811AC32C-11F3-4ED8-92A7-A7E39C2BB704}.Release|Any CPU.Build.0 = Release|Any CPU
		{B6B42537-07F8-4F6C-A99A-B155CAEB124E}.Debug|Any CPU.ActiveCfg = Debug|Any CPU
		{B6B42537-07F8-4F6C-A99A-B155CAEB124E}.Debug|Any CPU.Build.0 = Debug|Any CPU
		{B6B42537-07F8-4F6C-A99A-B155CAEB124E}.Release|Any CPU.ActiveCfg = Release|Any CPU
		{B6B42537-07F8-4F6C-A99A-B155CAEB124E}.Release|Any CPU.Build.0 = Release|Any CPU
		{81DA19C7-4FEC-47E7-981B-D9310D549F95}.Debug|Any CPU.ActiveCfg = Debug|Any CPU
		{81DA19C7-4FEC-47E7-981B-D9310D549F95}.Debug|Any CPU.Build.0 = Debug|Any CPU
		{81DA19C7-4FEC-47E7-981B-D9310D549F95}.Release|Any CPU.ActiveCfg = Release|Any CPU
		{81DA19C7-4FEC-47E7-981B-D9310D549F95}.Release|Any CPU.Build.0 = Release|Any CPU
		{4A617A40-2BA7-4713-AAFE-F90C4325C581}.Debug|Any CPU.ActiveCfg = Debug|Any CPU
		{4A617A40-2BA7-4713-AAFE-F90C4325C581}.Debug|Any CPU.Build.0 = Debug|Any CPU
		{4A617A40-2BA7-4713-AAFE-F90C4325C581}.Release|Any CPU.ActiveCfg = Release|Any CPU
		{4A617A40-2BA7-4713-AAFE-F90C4325C581}.Release|Any CPU.Build.0 = Release|Any CPU
		{3DFB096E-AC09-4E7A-9288-7F7C33C288C7}.Debug|Any CPU.ActiveCfg = Debug|Any CPU
		{3DFB096E-AC09-4E7A-9288-7F7C33C288C7}.Debug|Any CPU.Build.0 = Debug|Any CPU
		{3DFB096E-AC09-4E7A-9288-7F7C33C288C7}.Release|Any CPU.ActiveCfg = Release|Any CPU
		{3DFB096E-AC09-4E7A-9288-7F7C33C288C7}.Release|Any CPU.Build.0 = Release|Any CPU
		{EB66B766-6354-4208-A3D4-AACBDCB5C3B3}.Debug|Any CPU.ActiveCfg = Debug|Any CPU
		{EB66B766-6354-4208-A3D4-AACBDCB5C3B3}.Debug|Any CPU.Build.0 = Debug|Any CPU
		{EB66B766-6354-4208-A3D4-AACBDCB5C3B3}.Release|Any CPU.ActiveCfg = Release|Any CPU
		{EB66B766-6354-4208-A3D4-AACBDCB5C3B3}.Release|Any CPU.Build.0 = Release|Any CPU
		{02FF0909-F5AD-48CF-A86A-345E721B7E40}.Debug|Any CPU.ActiveCfg = Debug|Any CPU
		{02FF0909-F5AD-48CF-A86A-345E721B7E40}.Debug|Any CPU.Build.0 = Debug|Any CPU
		{02FF0909-F5AD-48CF-A86A-345E721B7E40}.Release|Any CPU.ActiveCfg = Release|Any CPU
		{02FF0909-F5AD-48CF-A86A-345E721B7E40}.Release|Any CPU.Build.0 = Release|Any CPU
		{ACDD9B9E-8FE6-439C-9521-1CCBA47F6143}.Debug|Any CPU.ActiveCfg = Debug|Any CPU
		{ACDD9B9E-8FE6-439C-9521-1CCBA47F6143}.Debug|Any CPU.Build.0 = Debug|Any CPU
		{ACDD9B9E-8FE6-439C-9521-1CCBA47F6143}.Release|Any CPU.ActiveCfg = Release|Any CPU
		{ACDD9B9E-8FE6-439C-9521-1CCBA47F6143}.Release|Any CPU.Build.0 = Release|Any CPU
		{BEE737B9-18D5-48D9-8672-9A896213C98B}.Debug|Any CPU.ActiveCfg = Debug|Any CPU
		{BEE737B9-18D5-48D9-8672-9A896213C98B}.Debug|Any CPU.Build.0 = Debug|Any CPU
		{BEE737B9-18D5-48D9-8672-9A896213C98B}.Release|Any CPU.ActiveCfg = Release|Any CPU
		{BEE737B9-18D5-48D9-8672-9A896213C98B}.Release|Any CPU.Build.0 = Release|Any CPU
		{AD21022F-E7C1-4B74-97C1-0A0E48EFF992}.Debug|Any CPU.ActiveCfg = Debug|Any CPU
		{AD21022F-E7C1-4B74-97C1-0A0E48EFF992}.Debug|Any CPU.Build.0 = Debug|Any CPU
		{AD21022F-E7C1-4B74-97C1-0A0E48EFF992}.Release|Any CPU.ActiveCfg = Release|Any CPU
		{AD21022F-E7C1-4B74-97C1-0A0E48EFF992}.Release|Any CPU.Build.0 = Release|Any CPU
		{DA3415F3-6922-42D0-93D7-BEE2E8603A18}.Debug|Any CPU.ActiveCfg = Debug|Any CPU
		{DA3415F3-6922-42D0-93D7-BEE2E8603A18}.Debug|Any CPU.Build.0 = Debug|Any CPU
		{DA3415F3-6922-42D0-93D7-BEE2E8603A18}.Release|Any CPU.ActiveCfg = Release|Any CPU
		{DA3415F3-6922-42D0-93D7-BEE2E8603A18}.Release|Any CPU.Build.0 = Release|Any CPU
		{8F177DC2-9822-45BD-AB05-1F40FCA86168}.Debug|Any CPU.ActiveCfg = Debug|Any CPU
		{8F177DC2-9822-45BD-AB05-1F40FCA86168}.Debug|Any CPU.Build.0 = Debug|Any CPU
		{8F177DC2-9822-45BD-AB05-1F40FCA86168}.Release|Any CPU.ActiveCfg = Release|Any CPU
		{8F177DC2-9822-45BD-AB05-1F40FCA86168}.Release|Any CPU.Build.0 = Release|Any CPU
	EndGlobalSection
	GlobalSection(SolutionProperties) = preSolution
		HideSolutionNode = FALSE
	EndGlobalSection
	GlobalSection(NestedProjects) = preSolution
		{17737ACB-40C6-41A6-83DA-3203A4DCEC19} = {3A14D070-628F-44EF-92DD-47C8BE5C33CD}
		{EB66B766-6354-4208-A3D4-AACBDCB5C3B3} = {AC38EFB1-820D-4E90-BF40-BEF3AC825542}
		{02FF0909-F5AD-48CF-A86A-345E721B7E40} = {AC38EFB1-820D-4E90-BF40-BEF3AC825542}
		{ACDD9B9E-8FE6-439C-9521-1CCBA47F6143} = {AC38EFB1-820D-4E90-BF40-BEF3AC825542}
		{60836ADE-CAB7-4587-B6FB-8C4FEB872752} = {AC38EFB1-820D-4E90-BF40-BEF3AC825542}
		{BEE737B9-18D5-48D9-8672-9A896213C98B} = {60836ADE-CAB7-4587-B6FB-8C4FEB872752}
		{CE610DDE-D1DB-44D8-BAE9-BAAB00DA98F0} = {3A14D070-628F-44EF-92DD-47C8BE5C33CD}
		{EE77D917-27F7-4E54-B72F-C8CEE4AEDCAA} = {CE610DDE-D1DB-44D8-BAE9-BAAB00DA98F0}
		{EA550FD8-2241-4131-8292-619D009E0199} = {CE610DDE-D1DB-44D8-BAE9-BAAB00DA98F0}
		{01CE1AE6-CD7F-491B-8150-58CD738B20AC} = {CE610DDE-D1DB-44D8-BAE9-BAAB00DA98F0}
		{676093FF-CB44-4BD5-B83C-A28FE88D5017} = {CE610DDE-D1DB-44D8-BAE9-BAAB00DA98F0}
		{8FC07B92-D2AC-4921-9E97-A92A84D2B461} = {CE610DDE-D1DB-44D8-BAE9-BAAB00DA98F0}
		{450F93D5-DF02-4C04-960B-AE7E454668AA} = {CE610DDE-D1DB-44D8-BAE9-BAAB00DA98F0}
	EndGlobalSection
	GlobalSection(ExtensibilityGlobals) = postSolution
		SolutionGuid = {981EA700-AB4F-462F-96D7-F35FAAAA7E89}
	EndGlobalSection
EndGlobal
